PODS:
  - boost (1.59.0):
    - boost/graph-includes (= 1.59.0)
    - boost/math-includes (= 1.59.0)
    - boost/numeric-includes (= 1.59.0)
    - boost/pointer_cast-includes (= 1.59.0)
    - boost/preprocessor-includes (= 1.59.0)
    - boost/shared_ptr-includes (= 1.59.0)
    - boost/string_algorithms-includes (= 1.59.0)
  - boost/graph-includes (1.59.0)
  - boost/math-includes (1.59.0)
  - boost/numeric-includes (1.59.0)
  - boost/pointer_cast-includes (1.59.0)
  - boost/preprocessor-includes (1.59.0)
  - boost/shared_ptr-includes (1.59.0)
  - boost/string_algorithms-includes (1.59.0)
  - libsodium (1.0.3)

DEPENDENCIES:
  - boost (~> 1.59)
  - libsodium (~> 1.0)

SPEC CHECKSUMS:
  boost: 30a15ffb6d9aa4646dd3caffc960753f4cb4ca4e
  libsodium: be547e31dc75725629acc5717dc0a40fc05ef243

PODFILE CHECKSUM: 373cd24e95124d111d8ba388db58b7d08d483365

COCOAPODS: 1.0.1
